lockfileVersion: '9.0'

settings:
  autoInstallPeers: true
  excludeLinksFromLockfile: false

importers:

  .:
    dependencies:
      '@faker-js/faker':
        specifier: ^9.3.0
        version: 9.3.0

packages:

  '@faker-js/faker@9.3.0':
    resolution: {integrity: sha512-r0tJ3ZOkMd9xsu3VRfqlFR6cz0V/jFYRswAIpC+m/DIfAUXq7g8N7wTAlhSANySXYGKzGryfDXwtwsY8TxEIDw==}
    engines: {node: '>=18.0.0', npm: '>=9.0.0'}

snapshots:

  '@faker-js/faker@9.3.0': {}
